
Microsoft Visual Studio Solution File, Format Version 12.00
# Visual Studio Version 17
VisualStudioVersion = 17.2.32516.85
MinimumVisualStudioVersion = 10.0.40219.1
Project("{FAE04EC0-301F-11D3-BF4B-00C04F79EFBC}") = "Get the Sum of Multiples of Triangular Numbers", "Get the Sum of Multiples of Triangular Numbers\Get the Sum of Multiples of Triangular Numbers.csproj", "{A5E2B4F4-8E95-46D4-A654-277F0AD20E1A}"
EndProject
Project("{FAE04EC0-301F-11D3-BF4B-00C04F79EFBC}") = "ConsoleApp1", "ConsoleApp1\ConsoleApp1.csproj", "{226DCA43-5AAD-426F-B04D-F36BBCC7083D}"
EndProject
Global
	GlobalSection(SolutionConfigurationPlatforms) = preSolution
		Debug|Any CPU = Debug|Any CPU
		Release|Any CPU = Release|Any CPU
	EndGlobalSection
	GlobalSection(ProjectConfigurationPlatforms) = postSolution
		{A5E2B4F4-8E95-46D4-A654-277F0AD20E1A}.Debug|Any CPU.ActiveCfg = Debug|Any CPU
		{A5E2B4F4-8E95-46D4-A654-277F0AD20E1A}.Debug|Any CPU.Build.0 = Debug|Any CPU
		{A5E2B4F4-8E95-46D4-A654-277F0AD20E1A}.Release|Any CPU.ActiveCfg = Release|Any CPU
		{A5E2B4F4-8E95-46D4-A654-277F0AD20E1A}.Release|Any CPU.Build.0 = Release|Any CPU
		{226DCA43-5AAD-426F-B04D-F36BBCC7083D}.Debug|Any CPU.ActiveCfg = Debug|Any CPU
		{226DCA43-5AAD-426F-B04D-F36BBCC7083D}.Debug|Any CPU.Build.0 = Debug|Any CPU
		{226DCA43-5AAD-426F-B04D-F36BBCC7083D}.Release|Any CPU.ActiveCfg = Release|Any CPU
		{226DCA43-5AAD-426F-B04D-F36BBCC7083D}.Release|Any CPU.Build.0 = Release|Any CPU
	EndGlobalSection
	GlobalSection(SolutionProperties) = preSolution
		HideSolutionNode = FALSE
	EndGlobalSection
	GlobalSection(ExtensibilityGlobals) = postSolution
		SolutionGuid = {E182D9CF-FB8B-46F7-B69A-77F029039329}
	EndGlobalSection
EndGlobal
